// !$*UTF8*$!
{
	archiveVersion = 1;
	classes = {
	};
	objectVersion = 50;
	objects = {

/* Begin PBXBuildFile section */
		1DC4B6F854AF31614CF22CCD /* Pods_OtherWith30DaysOfSwift.framework in Frameworks */ = {isa = PBXBuildFile; fileRef = 7479C1DE9F844CD2B58B677C /* Pods_OtherWith30DaysOfSwift.framework */; };
		7782255C22D4326700E9DE8F /* AppDelegate.swift in Sources */ = {isa = PBXBuildFile; fileRef = 7782255B22D4326700E9DE8F /* AppDelegate.swift */; };
		7782256122D4326700E9DE8F /* Main.storyboard in Resources */ = {isa = PBXBuildFile; fileRef = 7782255F22D4326700E9DE8F /* Main.storyboard */; };
		7782256322D4326800E9DE8F /* Assets.xcassets in Resources */ = {isa = PBXBuildFile; fileRef = 7782256222D4326800E9DE8F /* Assets.xcassets */; };
		7782256622D4326800E9DE8F /* LaunchScreen.storyboard in Resources */ = {isa = PBXBuildFile; fileRef = 7782256422D4326800E9DE8F /* LaunchScreen.storyboard */; };
		7782257222D4350900E9DE8F /* MainViewController.swift in Sources */ = {isa = PBXBuildFile; fileRef = 7782257122D4350900E9DE8F /* MainViewController.swift */; };
		7782257422D435DB00E9DE8F /* LoginAnimationViewController.swift in Sources */ = {isa = PBXBuildFile; fileRef = 7782257322D435DB00E9DE8F /* LoginAnimationViewController.swift */; };
		7782257622D4370200E9DE8F /* LoginViewController.swift in Sources */ = {isa = PBXBuildFile; fileRef = 7782257522D4370200E9DE8F /* LoginViewController.swift */; };
		7782257922D467C600E9DE8F /* AnimatedTableViewController.swift in Sources */ = {isa = PBXBuildFile; fileRef = 7782257822D467C600E9DE8F /* AnimatedTableViewController.swift */; };
/* End PBXBuildFile section */

/* Begin PBXFileReference section */
		7479C1DE9F844CD2B58B677C /* Pods_OtherWith30DaysOfSwift.framework */ = {isa = PBXFileReference; explicitFileType = wrapper.framework; includeInIndex = 0; path = Pods_OtherWith30DaysOfSwift.framework; sourceTree = BUILT_PRODUCTS_DIR; };
		7782255822D4326700E9DE8F /* OtherWith30DaysOfSwift.app */ = {isa = PBXFileReference; explicitFileType = wrapper.application; includeInIndex = 0; path = OtherWith30DaysOfSwift.app; sourceTree = BUILT_PRODUCTS_DIR; };
		7782255B22D4326700E9DE8F /* AppDelegate.swift */ = {isa = PBXFileReference; lastKnownFileType = sourcecode.swift; path = AppDelegate.swift; sourceTree = "<group>"; };
		7782256022D4326700E9DE8F /* Base */ = {isa = PBXFileReference; lastKnownFileType = file.storyboard; name = Base; path = Base.lproj/Main.storyboard; sourceTree = "<group>"; };
		7782256222D4326800E9DE8F /* Assets.xcassets */ = {isa = PBXFileReference; lastKnownFileType = folder.assetcatalog; path = Assets.xcassets; sourceTree = "<group>"; };
		7782256522D4326800E9DE8F /* Base */ = {isa = PBXFileReference; lastKnownFileType = file.storyboard; name = Base; path = Base.lproj/LaunchScreen.storyboard; sourceTree = "<group>"; };
		7782256722D4326800E9DE8F /* Info.plist */ = {isa = PBXFileReference; lastKnownFileType = text.plist.xml; path = Info.plist; sourceTree = "<group>"; };
		7782257122D4350900E9DE8F /* MainViewController.swift */ = {isa = PBXFileReference; lastKnownFileType = sourcecode.swift; path = MainViewController.swift; sourceTree = "<group>"; };
		7782257322D435DB00E9DE8F /* LoginAnimationViewController.swift */ = {isa = PBXFileReference; lastKnownFileType = sourcecode.swift; path = LoginAnimationViewController.swift; sourceTree = "<group>"; };
		7782257522D4370200E9DE8F /* LoginViewController.swift */ = {isa = PBXFileReference; lastKnownFileType = sourcecode.swift; path = LoginViewController.swift; sourceTree = "<group>"; };
		7782257822D467C600E9DE8F /* AnimatedTableViewController.swift */ = {isa = PBXFileReference; lastKnownFileType = sourcecode.swift; path = AnimatedTableViewController.swift; sourceTree = "<group>"; };
		E105C03734407E224A75F154 /* Pods-OtherWith30DaysOfSwift.debug.xcconfig */ = {isa = PBXFileReference; includeInIndex = 1; lastKnownFileType = text.xcconfig; name = "Pods-OtherWith30DaysOfSwift.debug.xcconfig"; path = "Pods/Target Support Files/Pods-OtherWith30DaysOfSwift/Pods-OtherWith30DaysOfSwift.debug.xcconfig"; sourceTree = "<group>"; };
		F7D91C843C692210C0B115A4 /* Pods-OtherWith30DaysOfSwift.release.xcconfig */ = {isa = PBXFileReference; includeInIndex = 1; lastKnownFileType = text.xcconfig; name = "Pods-OtherWith30DaysOfSwift.release.xcconfig"; path = "Pods/Target Support Files/Pods-OtherWith30DaysOfSwift/Pods-OtherWith30DaysOfSwift.release.xcconfig"; sourceTree = "<group>"; };
/* End PBXFileReference section */

/* Begin PBXFrameworksBuildPhase section */
		7782255522D4326700E9DE8F /* Frameworks */ = {
			isa = PBXFrameworksBuildPhase;
			buildActionMask = 2147483647;
			files = (
				1DC4B6F854AF31614CF22CCD /* Pods_OtherWith30DaysOfSwift.framework in Frameworks */,
			);
			runOnlyForDeploymentPostprocessing = 0;
		};
/* End PBXFrameworksBuildPhase section */

/* Begin PBXGroup section */
		0297EE35B69245FD58BAEB2D /* Pods */ = {
			isa = PBXGroup;
			children = (
				E105C03734407E224A75F154 /* Pods-OtherWith30DaysOfSwift.debug.xcconfig */,
				F7D91C843C692210C0B115A4 /* Pods-OtherWith30DaysOfSwift.release.xcconfig */,
			);
			name = Pods;
			sourceTree = "<group>";
		};
		162364EB83B56C4D1253062F /* Frameworks */ = {
			isa = PBXGroup;
			children = (
				7479C1DE9F844CD2B58B677C /* Pods_OtherWith30DaysOfSwift.framework */,
			);
			name = Frameworks;
			sourceTree = "<group>";
		};
		7782254F22D4326700E9DE8F = {
			isa = PBXGroup;
			children = (
				7782255A22D4326700E9DE8F /* OtherWith30DaysOfSwift */,
				7782255922D4326700E9DE8F /* Products */,
				0297EE35B69245FD58BAEB2D /* Pods */,
				162364EB83B56C4D1253062F /* Frameworks */,
			);
			sourceTree = "<group>";
		};
		7782255922D4326700E9DE8F /* Products */ = {
			isa = PBXGroup;
			children = (
				7782255822D4326700E9DE8F /* OtherWith30DaysOfSwift.app */,
			);
			name = Products;
			sourceTree = "<group>";
		};
		7782255A22D4326700E9DE8F /* OtherWith30DaysOfSwift */ = {
			isa = PBXGroup;
			children = (
				7782256F22D432F600E9DE8F /* Module */,
				7782256D22D4327A00E9DE8F /* Main */,
				7782256E22D4329200E9DE8F /* Resource */,
			);
			path = OtherWith30DaysOfSwift;
			sourceTree = "<group>";
		};
		7782256D22D4327A00E9DE8F /* Main */ = {
			isa = PBXGroup;
			children = (
				7782257122D4350900E9DE8F /* MainViewController.swift */,
			);
			path = Main;
			sourceTree = "<group>";
		};
		7782256E22D4329200E9DE8F /* Resource */ = {
			isa = PBXGroup;
			children = (
				7782255B22D4326700E9DE8F /* AppDelegate.swift */,
				7782255F22D4326700E9DE8F /* Main.storyboard */,
				7782256222D4326800E9DE8F /* Assets.xcassets */,
				7782256422D4326800E9DE8F /* LaunchScreen.storyboard */,
				7782256722D4326800E9DE8F /* Info.plist */,
			);
			path = Resource;
			sourceTree = "<group>";
		};
		7782256F22D432F600E9DE8F /* Module */ = {
			isa = PBXGroup;
			children = (
				7782257022D4340000E9DE8F /* 12 - LoginAnimation */,
				7782257722D4679400E9DE8F /* 13 - AnimateTableViewCell */,
			);
			path = Module;
			sourceTree = "<group>";
		};
		7782257022D4340000E9DE8F /* 12 - LoginAnimation */ = {
			isa = PBXGroup;
			children = (
				7782257322D435DB00E9DE8F /* LoginAnimationViewController.swift */,
				7782257522D4370200E9DE8F /* LoginViewController.swift */,
			);
			path = "12 - LoginAnimation";
			sourceTree = "<group>";
		};
		7782257722D4679400E9DE8F /* 13 - AnimateTableViewCell */ = {
			isa = PBXGroup;
			children = (
				7782257822D467C600E9DE8F /* AnimatedTableViewController.swift */,
			);
			path = "13 - AnimateTableViewCell";
			sourceTree = "<group>";
		};
/* End PBXGroup section */

/* Begin PBXNativeTarget section */
		7782255722D4326700E9DE8F /* OtherWith30DaysOfSwift */ = {
			isa = PBXNativeTarget;
			buildConfigurationList = 7782256A22D4326800E9DE8F /* Build configuration list for PBXNativeTarget "OtherWith30DaysOfSwift" */;
			buildPhases = (
				4B131E9563BE3D00ACB492B4 /* [CP] Check Pods Manifest.lock */,
				7782255422D4326700E9DE8F /* Sources */,
				7782255522D4326700E9DE8F /* Frameworks */,
				7782255622D4326700E9DE8F /* Resources */,
				F878FD4800405F98F7620771 /* [CP] Embed Pods Frameworks */,
			);
			buildRules = (
			);
			dependencies = (
			);
			name = OtherWith30DaysOfSwift;
			productName = OtherWith30DaysOfSwift;
			productReference = 7782255822D4326700E9DE8F /* OtherWith30DaysOfSwift.app */;
			productType = "com.apple.product-type.application";
		};
/* End PBXNativeTarget section */

/* Begin PBXProject section */
		7782255022D4326700E9DE8F /* Project object */ = {
			isa = PBXProject;
			attributes = {
				LastSwiftUpdateCheck = 1020;
				LastUpgradeCheck = 1020;
				ORGANIZATIONNAME = wushhhhhh;
				TargetAttributes = {
					7782255722D4326700E9DE8F = {
						CreatedOnToolsVersion = 10.2;
					};
				};
			};
			buildConfigurationList = 7782255322D4326700E9DE8F /* Build configuration list for PBXProject "OtherWith30DaysOfSwift" */;
			compatibilityVersion = "Xcode 9.3";
			developmentRegion = en;
			hasScannedForEncodings = 0;
			knownRegions = (
				en,
				Base,
			);
			mainGroup = 7782254F22D4326700E9DE8F;
			productRefGroup = 7782255922D4326700E9DE8F /* Products */;
			projectDirPath = "";
			projectRoot = "";
			targets = (
				7782255722D4326700E9DE8F /* OtherWith30DaysOfSwift */,
			);
		};
/* End PBXProject section */

/* Begin PBXResourcesBuildPhase section */
		7782255622D4326700E9DE8F /* Resources */ = {
			isa = PBXResourcesBuildPhase;
			buildActionMask = 2147483647;
			files = (
				7782256622D4326800E9DE8F /* LaunchScreen.storyboard in Resources */,
				7782256322D4326800E9DE8F /* Assets.xcassets in Resources */,
				7782256122D4326700E9DE8F /* Main.storyboard in Resources */,
			);
			runOnlyForDeploymentPostprocessing = 0;
		};
/* End PBXResourcesBuildPhase section */

/* Begin PBXShellScriptBuildPhase section */
		4B131E9563BE3D00ACB492B4 /* [CP] Check Pods Manifest.lock */ = {
			isa = PBXShellScriptBuildPhase;
			buildActionMask = 2147483647;
			files = (
			);
			inputPaths = (
				"${PODS_PODFILE_DIR_PATH}/Podfile.lock",
				"${PODS_ROOT}/Manifest.lock",
			);
			name = "[CP] Check Pods Manifest.lock";
			outputPaths = (
				"$(DERIVED_FILE_DIR)/Pods-OtherWith30DaysOfSwift-checkManifestLockResult.txt",
			);
			runOnlyForDeploymentPostprocessing = 0;
			shellPath = /bin/sh;
			shellScript = "diff \"${PODS_PODFILE_DIR_PATH}/Podfile.lock\" \"${PODS_ROOT}/Manifest.lock\" > /dev/null\nif [ $? != 0 ] ; then\n    # print error to STDERR\n    echo \"error: The sandbox is not in sync with the Podfile.lock. Run 'pod install' or update your CocoaPods installation.\" >&2\n    exit 1\nfi\n# This output is used by Xcode 'outputs' to avoid re-running this script phase.\necho \"SUCCESS\" > \"${SCRIPT_OUTPUT_FILE_0}\"\n";
			showEnvVarsInLog = 0;
		};
		F878FD4800405F98F7620771 /* [CP] Embed Pods Frameworks */ = {
			isa = PBXShellScriptBuildPhase;
			buildActionMask = 2147483647;
			files = (
			);
			inputPaths = (
				"${SRCROOT}/Pods/Target Support Files/Pods-OtherWith30DaysOfSwift/Pods-OtherWith30DaysOfSwift-frameworks.sh",
				"${BUILT_PRODUCTS_DIR}/SnapKit/SnapKit.framework",
			);
			name = "[CP] Embed Pods Frameworks";
			outputPaths = (
				"${TARGET_BUILD_DIR}/${FRAMEWORKS_FOLDER_PATH}/SnapKit.framework",
			);
			runOnlyForDeploymentPostprocessing = 0;
			shellPath = /bin/sh;
			shellScript = "\"${SRCROOT}/Pods/Target Support Files/Pods-OtherWith30DaysOfSwift/Pods-OtherWith30DaysOfSwift-frameworks.sh\"\n";
			showEnvVarsInLog = 0;
		};
/* End PBXShellScriptBuildPhase section */

/* Begin PBXSourcesBuildPhase section */
		7782255422D4326700E9DE8F /* Sources */ = {
			isa = PBXSourcesBuildPhase;
			buildActionMask = 2147483647;
			files = (
				7782257622D4370200E9DE8F /* LoginViewController.swift in Sources */,
				7782255C22D4326700E9DE8F /* AppDelegate.swift in Sources */,
				7782257222D4350900E9DE8F /* MainViewController.swift in Sources */,
				7782257922D467C600E9DE8F /* AnimatedTableViewController.swift in Sources */,
				7782257422D435DB00E9DE8F /* LoginAnimationViewController.swift in Sources */,
			);
			runOnlyForDeploymentPostprocessing = 0;
		};
/* End PBXSourcesBuildPhase section */

/* Begin PBXVariantGroup section */
		7782255F22D4326700E9DE8F /* Main.storyboard */ = {
			isa = PBXVariantGroup;
			children = (
				7782256022D4326700E9DE8F /* Base */,
			);
			name = Main.storyboard;
			sourceTree = "<group>";
		};
		7782256422D4326800E9DE8F /* LaunchScreen.storyboard */ = {
			isa = PBXVariantGroup;
			children = (
				7782256522D4326800E9DE8F /* Base */,
			);
			name = LaunchScreen.storyboard;
			sourceTree = "<group>";
		};
/* End PBXVariantGroup section */

/* Begin XCBuildConfiguration section */
		7782256822D4326800E9DE8F /* Debug */ = {
			isa = XCBuildConfiguration;
			buildSettings = {
				ALWAYS_SEARCH_USER_PATHS = NO;
				CLANG_ANALYZER_NONNULL = YES;
				CLANG_ANALYZER_NUMBER_OBJECT_CONVERSION = YES_AGGRESSIVE;
				CLANG_CXX_LANGUAGE_STANDARD = "gnu++14";
				CLANG_CXX_LIBRARY = "libc++";
				CLANG_ENABLE_MODULES = YES;
				CLANG_ENABLE_OBJC_ARC = YES;
				CLANG_ENABLE_OBJC_WEAK = YES;
				CLANG_WARN_BLOCK_CAPTURE_AUTORELEASING = YES;
				CLANG_WARN_BOOL_CONVERSION = YES;
				CLANG_WARN_COMMA = YES;
				CLANG_WARN_CONSTANT_CONVERSION = YES;
				CLANG_WARN_DEPRECATED_OBJC_IMPLEMENTATIONS = YES;
				CLANG_WARN_DIRECT_OBJC_ISA_USAGE = YES_ERROR;
				CLANG_WARN_DOCUMENTATION_COMMENTS = YES;
				CLANG_WARN_EMPTY_BODY = YES;
				CLANG_WARN_ENUM_CONVERSION = YES;
				CLANG_WARN_INFINITE_RECURSION = YES;
				CLANG_WARN_INT_CONVERSION = YES;
				CLANG_WARN_NON_LITERAL_NULL_CONVERSION = YES;
				CLANG_WARN_OBJC_IMPLICIT_RETAIN_SELF = YES;
				CLANG_WARN_OBJC_LITERAL_CONVERSION = YES;
				CLANG_WARN_OBJC_ROOT_CLASS = YES_ERROR;
				CLANG_WARN_RANGE_LOOP_ANALYSIS = YES;
				CLANG_WARN_STRICT_PROTOTYPES = YES;
				CLANG_WARN_SUSPICIOUS_MOVE = YES;
				CLANG_WARN_UNGUARDED_AVAILABILITY = YES_AGGRESSIVE;
				CLANG_WARN_UNREACHABLE_CODE = YES;
				CLANG_WARN__DUPLICATE_METHOD_MATCH = YES;
				CODE_SIGN_IDENTITY = "iPhone Developer";
				COPY_PHASE_STRIP = NO;
				DEBUG_INFORMATION_FORMAT = dwarf;
				ENABLE_STRICT_OBJC_MSGSEND = YES;
				ENABLE_TESTABILITY = YES;
				GCC_C_LANGUAGE_STANDARD = gnu11;
				GCC_DYNAMIC_NO_PIC = NO;
				GCC_NO_COMMON_BLOCKS = YES;
				GCC_OPTIMIZATION_LEVEL = 0;
				GCC_PREPROCESSOR_DEFINITIONS = (
					"DEBUG=1",
					"$(inherited)",
				);
				GCC_WARN_64_TO_32_BIT_CONVERSION = YES;
				GCC_WARN_ABOUT_RETURN_TYPE = YES_ERROR;
				GCC_WARN_UNDECLARED_SELECTOR = YES;
				GCC_WARN_UNINITIALIZED_AUTOS = YES_AGGRESSIVE;
				GCC_WARN_UNUSED_FUNCTION = YES;
				GCC_WARN_UNUSED_VARIABLE = YES;
				IPHONEOS_DEPLOYMENT_TARGET = 12.2;
				MTL_ENABLE_DEBUG_INFO = INCLUDE_SOURCE;
				MTL_FAST_MATH = YES;
				ONLY_ACTIVE_ARCH = YES;
				SDKROOT = iphoneos;
				SWIFT_ACTIVE_COMPILATION_CONDITIONS = DEBUG;
				SWIFT_OPTIMIZATION_LEVEL = "-Onone";
			};
			name = Debug;
		};
		7782256922D4326800E9DE8F /* Release */ = {
			isa = XCBuildConfiguration;
			buildSettings = {
				ALWAYS_SEARCH_USER_PATHS = NO;
				CLANG_ANALYZER_NONNULL = YES;
				CLANG_ANALYZER_NUMBER_OBJECT_CONVERSION = YES_AGGRESSIVE;
				CLANG_CXX_LANGUAGE_STANDARD = "gnu++14";
				CLANG_CXX_LIBRARY = "libc++";
				CLANG_ENABLE_MODULES = YES;
				CLANG_ENABLE_OBJC_ARC = YES;
				CLANG_ENABLE_OBJC_WEAK = YES;
				CLANG_WARN_BLOCK_CAPTURE_AUTORELEASING = YES;
				CLANG_WARN_BOOL_CONVERSION = YES;
				CLANG_WARN_COMMA = YES;
				CLANG_WARN_CONSTANT_CONVERSION = YES;
				CLANG_WARN_DEPRECATED_OBJC_IMPLEMENTATIONS = YES;
				CLANG_WARN_DIRECT_OBJC_ISA_USAGE = YES_ERROR;
				CLANG_WARN_DOCUMENTATION_COMMENTS = YES;
				CLANG_WARN_EMPTY_BODY = YES;
				CLANG_WARN_ENUM_CONVERSION = YES;
				CLANG_WARN_INFINITE_RECURSION = YES;
				CLANG_WARN_INT_CONVERSION = YES;
				CLANG_WARN_NON_LITERAL_NULL_CONVERSION = YES;
				CLANG_WARN_OBJC_IMPLICIT_RETAIN_SELF = YES;
				CLANG_WARN_OBJC_LITERAL_CONVERSION = YES;
				CLANG_WARN_OBJC_ROOT_CLASS = YES_ERROR;
				CLANG_WARN_RANGE_LOOP_ANALYSIS = YES;
				CLANG_WARN_STRICT_PROTOTYPES = YES;
				CLANG_WARN_SUSPICIOUS_MOVE = YES;
				CLANG_WARN_UNGUARDED_AVAILABILITY = YES_AGGRESSIVE;
				CLANG_WARN_UNREACHABLE_CODE = YES;
				CLANG_WARN__DUPLICATE_METHOD_MATCH = YES;
				CODE_SIGN_IDENTITY = "iPhone Developer";
				COPY_PHASE_STRIP = NO;
				DEBUG_INFORMATION_FORMAT = "dwarf-with-dsym";
				ENABLE_NS_ASSERTIONS = NO;
				ENABLE_STRICT_OBJC_MSGSEND = YES;
				GCC_C_LANGUAGE_STANDARD = gnu11;
				GCC_NO_COMMON_BLOCKS = YES;
				GCC_WARN_64_TO_32_BIT_CONVERSION = YES;
				GCC_WARN_ABOUT_RETURN_TYPE = YES_ERROR;
				GCC_WARN_UNDECLARED_SELECTOR = YES;
				GCC_WARN_UNINITIALIZED_AUTOS = YES_AGGRESSIVE;
				GCC_WARN_UNUSED_FUNCTION = YES;
				GCC_WARN_UNUSED_VARIABLE = YES;
				IPHONEOS_DEPLOYMENT_TARGET = 12.2;
				MTL_ENABLE_DEBUG_INFO = NO;
				MTL_FAST_MATH = YES;
				SDKROOT = iphoneos;
				SWIFT_COMPILATION_MODE = wholemodule;
				SWIFT_OPTIMIZATION_LEVEL = "-O";
				VALIDATE_PRODUCT = YES;
			};
			name = Release;
		};
		7782256B22D4326800E9DE8F /* Debug */ = {
			isa = XCBuildConfiguration;
			baseConfigurationReference = E105C03734407E224A75F154 /* Pods-OtherWith30DaysOfSwift.debug.xcconfig */;
			buildSettings = {
				ASSETCATALOG_COMPILER_APPICON_NAME = AppIcon;
				CODE_SIGN_STYLE = Automatic;
				DEVELOPMENT_TEAM = 82KL4YM2V6;
				INFOPLIST_FILE = OtherWith30DaysOfSwift/Resource/Info.plist;
				IPHONEOS_DEPLOYMENT_TARGET = 10.0;
				LD_RUNPATH_SEARCH_PATHS = (
					"$(inherited)",
					"@executable_path/Frameworks",
				);
				PRODUCT_BUNDLE_IDENTIFIER = com.wushhhhhh.ios.OtherWith30DaysOfSwift;
				PRODUCT_NAME = "$(TARGET_NAME)";
				SWIFT_VERSION = 5.0;
				TARGETED_DEVICE_FAMILY = 1;
			};
			name = Debug;
		};
		7782256C22D4326800E9DE8F /* Release */ = {
			isa = XCBuildConfiguration;
			baseConfigurationReference = F7D91C843C692210C0B115A4 /* Pods-OtherWith30DaysOfSwift.release.xcconfig */;
			buildSettings = {
				ASSETCATALOG_COMPILER_APPICON_NAME = AppIcon;
				CODE_SIGN_STYLE = Automatic;
				DEVELOPMENT_TEAM = 82KL4YM2V6;
				INFOPLIST_FILE = OtherWith30DaysOfSwift/Resource/Info.plist;
				IPHONEOS_DEPLOYMENT_TARGET = 10.0;
				LD_RUNPATH_SEARCH_PATHS = (
					"$(inherited)",
					"@executable_path/Frameworks",
				);
				PRODUCT_BUNDLE_IDENTIFIER = com.wushhhhhh.ios.OtherWith30DaysOfSwift;
				PRODUCT_NAME = "$(TARGET_NAME)";
				SWIFT_VERSION = 5.0;
				TARGETED_DEVICE_FAMILY = 1;
			};
			name = Release;
		};
/* End XCBuildConfiguration section */

/* Begin XCConfigurationList section */
		7782255322D4326700E9DE8F /* Build configuration list for PBXProject "OtherWith30DaysOfSwift" */ = {
			isa = XCConfigurationList;
			buildConfigurations = (
				7782256822D4326800E9DE8F /* Debug */,
				7782256922D4326800E9DE8F /* Release */,
			);
			defaultConfigurationIsVisible = 0;
			defaultConfigurationName = Release;
		};
		7782256A22D4326800E9DE8F /* Build configuration list for PBXNativeTarget "OtherWith30DaysOfSwift" */ = {
			isa = XCConfigurationList;
			buildConfigurations = (
				7782256B22D4326800E9DE8F /* Debug */,
				7782256C22D4326800E9DE8F /* Release */,
			);
			defaultConfigurationIsVisible = 0;
			defaultConfigurationName = Release;
		};
/* End XCConfigurationList section */
	};
	rootObject = 7782255022D4326700E9DE8F /* Project object */;
}
